
Microsoft Visual Studio Solution File, Format Version 12.00
# Visual Studio Version 17
VisualStudioVersion = 17.14.36705.20 d17.14
MinimumVisualStudioVersion = 10.0.40219.1
Project("{8BC9CEB8-8B4A-11D0-8D11-00A0C91BC942}") = "SE_Lab04", "SE_Lab04.vcxproj", "{198FD505-BFF8-4DD1-A491-0E48C8A6F6FE}"
EndProject
Project("{8BC9CEB8-8B4A-11D0-8D11-00A0C91BC942}") = "Z2", "Z2\Z2.vcxproj", "{C859AEC0-D349-4C99-A88E-ADDB0A74CD58}"
EndProject
Global
	GlobalSection(SolutionConfigurationPlatforms) = preSolution
		Debug|x64 = Debug|x64
		Debug|x86 = Debug|x86
		Release|x64 = Release|x64
		Release|x86 = Release|x86
	EndGlobalSection
	GlobalSection(ProjectConfigurationPlatforms) = postSolution
		{198FD505-BFF8-4DD1-A491-0E48C8A6F6FE}.Debug|x64.ActiveCfg = Debug|x64
		{198FD505-BFF8-4DD1-A491-0E48C8A6F6FE}.Debug|x64.Build.0 = Debug|x64
		{198FD505-BFF8-4DD1-A491-0E48C8A6F6FE}.Debug|x86.ActiveCfg = Debug|Win32
		{198FD505-BFF8-4DD1-A491-0E48C8A6F6FE}.Debug|x86.Build.0 = Debug|Win32
		{198FD505-BFF8-4DD1-A491-0E48C8A6F6FE}.Release|x64.ActiveCfg = Release|x64
		{198FD505-BFF8-4DD1-A491-0E48C8A6F6FE}.Release|x64.Build.0 = Release|x64
		{198FD505-BFF8-4DD1-A491-0E48C8A6F6FE}.Release|x86.ActiveCfg = Release|Win32
		{198FD505-BFF8-4DD1-A491-0E48C8A6F6FE}.Release|x86.Build.0 = Release|Win32
		{C859AEC0-D349-4C99-A88E-ADDB0A74CD58}.Debug|x64.ActiveCfg = Debug|x64
		{C859AEC0-D349-4C99-A88E-ADDB0A74CD58}.Debug|x64.Build.0 = Debug|x64
		{C859AEC0-D349-4C99-A88E-ADDB0A74CD58}.Debug|x86.ActiveCfg = Debug|Win32
		{C859AEC0-D349-4C99-A88E-ADDB0A74CD58}.Debug|x86.Build.0 = Debug|Win32
		{C859AEC0-D349-4C99-A88E-ADDB0A74CD58}.Release|x64.ActiveCfg = Release|x64
		{C859AEC0-D349-4C99-A88E-ADDB0A74CD58}.Release|x64.Build.0 = Release|x64
		{C859AEC0-D349-4C99-A88E-ADDB0A74CD58}.Release|x86.ActiveCfg = Release|Win32
		{C859AEC0-D349-4C99-A88E-ADDB0A74CD58}.Release|x86.Build.0 = Release|Win32
	EndGlobalSection
	GlobalSection(SolutionProperties) = preSolution
		HideSolutionNode = FALSE
	EndGlobalSection
	GlobalSection(ExtensibilityGlobals) = postSolution
		SolutionGuid = {1089FCAE-F16B-47B8-85D6-A8AEA427B655}
	EndGlobalSection
EndGlobal
